
Microsoft Visual Studio Solution File, Format Version 12.00
# Visual Studio Version 16
VisualStudioVersion = 16.0.32630.194
MinimumVisualStudioVersion = 10.0.40219.1
Project("{9A19103F-16F7-4668-BE54-9A1E7A4F7556}") = "MyQueue", "MyQueue\MyQueue.csproj", "{34627783-CC63-439D-BFF2-99126992591E}"
EndProject
Project("{2150E333-8FDC-42A3-9474-1A3956D46DE8}") = "Solution Items", "Solution Items", "{FFA90EC8-3DB1-4BF4-8FED-4FD0AAB5474D}"
	ProjectSection(SolutionItems) = preProject
		.editorconfig = .editorconfig
	EndProjectSection
EndProject
Global
	GlobalSection(SolutionConfigurationPlatforms) = preSolution
		Debug|Any CPU = Debug|Any CPU
		Release|Any CPU = Release|Any CPU
	EndGlobalSection
	GlobalSection(ProjectConfigurationPlatforms) = postSolution
		{34627783-CC63-439D-BFF2-99126992591E}.Debug|Any CPU.ActiveCfg = Debug|Any CPU
		{34627783-CC63-439D-BFF2-99126992591E}.Debug|Any CPU.Build.0 = Debug|Any CPU
		{34627783-CC63-439D-BFF2-99126992591E}.Release|Any CPU.ActiveCfg = Release|Any CPU
		{34627783-CC63-439D-BFF2-99126992591E}.Release|Any CPU.Build.0 = Release|Any CPU
	EndGlobalSection
	GlobalSection(SolutionProperties) = preSolution
		HideSolutionNode = FALSE
	EndGlobalSection
	GlobalSection(ExtensibilityGlobals) = postSolution
		SolutionGuid = {363DA012-53EB-4443-BE1B-E3BF1FA64486}
	EndGlobalSection
EndGlobal
